
Microsoft Visual Studio Solution File, Format Version 12.00
# Visual Studio 2012
Project("{FAE04EC0-301F-11D3-BF4B-00C04F79EFBC}") = "MvcApplication1", "MvcApplication1\MvcApplication1.csproj", "{90EB72D2-2885-438C-B82C-697402AAA4B2}"
EndProject
Project("{930C7802-8A8C-48F9-8165-68863BCCD9DD}") = "SetupProject1MvcApplication1.Installer", "SetupProject1MvcApplication1.Installer\SetupProject1MvcApplication1.Installer.wixproj", "{79162F89-F65C-41A9-A06F-618ADE77C31F}"
EndProject
Global
	GlobalSection(SolutionConfigurationPlatforms) = preSolution
		Debug|Any CPU = Debug|Any CPU
		Debug|Mixed Platforms = Debug|Mixed Platforms
		Debug|x86 = Debug|x86
		Release|Any CPU = Release|Any CPU
		Release|Mixed Platforms = Release|Mixed Platforms
		Release|x86 = Release|x86
	EndGlobalSection
	GlobalSection(ProjectConfigurationPlatforms) = postSolution
		{90EB72D2-2885-438C-B82C-697402AAA4B2}.Debug|Any CPU.ActiveCfg = Debug|Any CPU
		{90EB72D2-2885-438C-B82C-697402AAA4B2}.Debug|Any CPU.Build.0 = Debug|Any CPU
		{90EB72D2-2885-438C-B82C-697402AAA4B2}.Debug|Mixed Platforms.ActiveCfg = Debug|Any CPU
		{90EB72D2-2885-438C-B82C-697402AAA4B2}.Debug|Mixed Platforms.Build.0 = Debug|Any CPU
		{90EB72D2-2885-438C-B82C-697402AAA4B2}.Debug|x86.ActiveCfg = Debug|Any CPU
		{90EB72D2-2885-438C-B82C-697402AAA4B2}.Release|Any CPU.ActiveCfg = Release|Any CPU
		{90EB72D2-2885-438C-B82C-697402AAA4B2}.Release|Any CPU.Build.0 = Release|Any CPU
		{90EB72D2-2885-438C-B82C-697402AAA4B2}.Release|Mixed Platforms.ActiveCfg = Release|Any CPU
		{90EB72D2-2885-438C-B82C-697402AAA4B2}.Release|Mixed Platforms.Build.0 = Release|Any CPU
		{90EB72D2-2885-438C-B82C-697402AAA4B2}.Release|x86.ActiveCfg = Release|Any CPU
		{79162F89-F65C-41A9-A06F-618ADE77C31F}.Debug|Any CPU.ActiveCfg = Debug|x86
		{79162F89-F65C-41A9-A06F-618ADE77C31F}.Debug|Mixed Platforms.ActiveCfg = Debug|x86
		{79162F89-F65C-41A9-A06F-618ADE77C31F}.Debug|Mixed Platforms.Build.0 = Debug|x86
		{79162F89-F65C-41A9-A06F-618ADE77C31F}.Debug|x86.ActiveCfg = Debug|x86
		{79162F89-F65C-41A9-A06F-618ADE77C31F}.Debug|x86.Build.0 = Debug|x86
		{79162F89-F65C-41A9-A06F-618ADE77C31F}.Release|Any CPU.ActiveCfg = Release|x86
		{79162F89-F65C-41A9-A06F-618ADE77C31F}.Release|Mixed Platforms.ActiveCfg = Release|x86
		{79162F89-F65C-41A9-A06F-618ADE77C31F}.Release|Mixed Platforms.Build.0 = Release|x86
		{79162F89-F65C-41A9-A06F-618ADE77C31F}.Release|x86.ActiveCfg = Release|x86
		{79162F89-F65C-41A9-A06F-618ADE77C31F}.Release|x86.Build.0 = Release|x86
	EndGlobalSection
	GlobalSection(SolutionProperties) = preSolution
		HideSolutionNode = FALSE
	EndGlobalSection
EndGlobal
